
Microsoft Visual Studio Solution File, Format Version 12.00
# Visual Studio Version 17
VisualStudioVersion = 17.0.31903.59
MinimumVisualStudioVersion = 10.0.40219.1
Project("{2150E333-8FDC-42A3-9474-1A3956D46DE8}") = "Support Files", "Support Files", "{6B0FD701-B9D2-44C1-BD08-C9E8AE7318DE}"
	ProjectSection(SolutionItems) = preProject
		.editorconfig = .editorconfig
		.gitattributes = .gitattributes
		.gitignore = .gitignore
		LICENSE.txt = LICENSE.txt
		README.md = README.md
	EndProjectSection
EndProject
Project("{FAE04EC0-301F-11D3-BF4B-00C04F79EFBC}") = "Industrious.Redux", "Code\Industrious.Redux\Industrious.Redux.csproj", "{E4DCEF92-4272-4329-B946-6BA46249C619}"
EndProject
Project("{FAE04EC0-301F-11D3-BF4B-00C04F79EFBC}") = "Industrious.Redux.Tests", "Code\Industrious.Redux.Tests\Industrious.Redux.Tests.csproj", "{95FE6095-9FC7-4802-987F-A59B06346BB1}"
EndProject
Global
	GlobalSection(SolutionConfigurationPlatforms) = preSolution
		Debug|Any CPU = Debug|Any CPU
		Release|Any CPU = Release|Any CPU
	EndGlobalSection
	GlobalSection(SolutionProperties) = preSolution
		HideSolutionNode = FALSE
	EndGlobalSection
	GlobalSection(ProjectConfigurationPlatforms) = postSolution
		{E4DCEF92-4272-4329-B946-6BA46249C619}.Debug|Any CPU.ActiveCfg = Debug|Any CPU
		{E4DCEF92-4272-4329-B946-6BA46249C619}.Debug|Any CPU.Build.0 = Debug|Any CPU
		{E4DCEF92-4272-4329-B946-6BA46249C619}.Release|Any CPU.ActiveCfg = Release|Any CPU
		{E4DCEF92-4272-4329-B946-6BA46249C619}.Release|Any CPU.Build.0 = Release|Any CPU
		{95FE6095-9FC7-4802-987F-A59B06346BB1}.Debug|Any CPU.ActiveCfg = Debug|Any CPU
		{95FE6095-9FC7-4802-987F-A59B06346BB1}.Debug|Any CPU.Build.0 = Debug|Any CPU
		{95FE6095-9FC7-4802-987F-A59B06346BB1}.Release|Any CPU.ActiveCfg = Release|Any CPU
		{95FE6095-9FC7-4802-987F-A59B06346BB1}.Release|Any CPU.Build.0 = Release|Any CPU
	EndGlobalSection
EndGlobal
